{
  "name": "@leo91000/subset-sum",
  "version": "1.1.2",
  "lockfileVersion": 2,
  "requires": true,
  "packages": {
    "": {
      "name": "@leo91000/subset-sum",
      "version": "1.0.6",
      "license": "MIT",
      "devDependencies": {
        "@leo91000/subset-sum": "^1.0.5",
        "@napi-rs/cli": "^2.2.0"
      },
      "engines": {
        "node": ">= 10"
      }
    },
    "node_modules/@leo91000/subset-sum": {
      "version": "1.0.5",
      "resolved": "https://registry.npmjs.org/@leo91000/subset-sum/-/subset-sum-1.0.5.tgz",
      "integrity": "sha512-DgBxlPDsdBNElNhOnh0GFMtaRSdw75z6bPouSy3QBvBDaLUPqhjnc4kvQ8AFniqGn0EnmYzF8JXEsKjAsWR19w==",
      "dev": true,
      "engines": {
        "node": ">= 10"
      },
      "optionalDependencies": {
        "@leo91000/subset-sum-android-arm-eabi": "1.0.5",
        "@leo91000/subset-sum-android-arm64": "1.0.5",
        "@leo91000/subset-sum-darwin-arm64": "1.0.5",
        "@leo91000/subset-sum-darwin-x64": "1.0.5",
        "@leo91000/subset-sum-freebsd-x64": "1.0.5",
        "@leo91000/subset-sum-linux-arm-gnueabihf": "1.0.5",
        "@leo91000/subset-sum-linux-arm64-gnu": "1.0.5",
        "@leo91000/subset-sum-linux-arm64-musl": "1.0.5",
        "@leo91000/subset-sum-linux-x64-gnu": "1.0.5",
        "@leo91000/subset-sum-linux-x64-musl": "1.0.5",
        "@leo91000/subset-sum-win32-arm64-msvc": "1.0.5",
        "@leo91000/subset-sum-win32-ia32-msvc": "1.0.5",
        "@leo91000/subset-sum-win32-x64-msvc": "1.0.5"
      }
    },
    "node_modules/@napi-rs/cli": {
      "version": "2.2.0",
      "resolved": "https://registry.npmjs.org/@napi-rs/cli/-/cli-2.2.0.tgz",
      "integrity": "sha512-lXOKq0EZWztzHIlpXhKG0Nrv/PDZAl/yBsqQTG0aDfdjGCJudtPgWLR7zzaJoYzkkdFJo0r+teYYzgC+cXB4KQ==",
      "dev": true,
      "license": "MIT",
      "bin": {
        "napi": "scripts/index.js"
      },
      "engines": {
        "node": ">= 10"
      },
      "funding": {
        "type": "github",
        "url": "https://github.com/sponsors/Brooooooklyn"
      }
    }
  },
  "dependencies": {
    "@leo91000/subset-sum": {
      "version": "1.0.5",
      "resolved": "https://registry.npmjs.org/@leo91000/subset-sum/-/subset-sum-1.0.5.tgz",
      "integrity": "sha512-DgBxlPDsdBNElNhOnh0GFMtaRSdw75z6bPouSy3QBvBDaLUPqhjnc4kvQ8AFniqGn0EnmYzF8JXEsKjAsWR19w==",
      "dev": true,
      "requires": {
        "@leo91000/subset-sum-android-arm-eabi": "1.0.5",
        "@leo91000/subset-sum-android-arm64": "1.0.5",
        "@leo91000/subset-sum-darwin-arm64": "1.0.5",
        "@leo91000/subset-sum-darwin-x64": "1.0.5",
        "@leo91000/subset-sum-freebsd-x64": "1.0.5",
        "@leo91000/subset-sum-linux-arm-gnueabihf": "1.0.5",
        "@leo91000/subset-sum-linux-arm64-gnu": "1.0.5",
        "@leo91000/subset-sum-linux-arm64-musl": "1.0.5",
        "@leo91000/subset-sum-linux-x64-gnu": "1.0.5",
        "@leo91000/subset-sum-linux-x64-musl": "1.0.5",
        "@leo91000/subset-sum-win32-arm64-msvc": "1.0.5",
        "@leo91000/subset-sum-win32-ia32-msvc": "1.0.5",
        "@leo91000/subset-sum-win32-x64-msvc": "1.0.5"
      }
    },
    "@napi-rs/cli": {
      "version": "2.2.0",
      "resolved": "https://registry.npmjs.org/@napi-rs/cli/-/cli-2.2.0.tgz",
      "integrity": "sha512-lXOKq0EZWztzHIlpXhKG0Nrv/PDZAl/yBsqQTG0aDfdjGCJudtPgWLR7zzaJoYzkkdFJo0r+teYYzgC+cXB4KQ==",
      "dev": true
    }
  }
}
