# THIS IS AN AUTOGENERATED FILE. DO NOT EDIT THIS FILE DIRECTLY.
# yarn lockfile v1


"@napi-rs/cli@2.11.1":
  version "2.11.1"
  resolved "https://registry.yarnpkg.com/@napi-rs/cli/-/cli-2.11.1.tgz#1fe30c3b12baa240dbaf8fcdeed53588d8340a15"
  integrity sha512-JRfUgQTrogU/YrOoOgrZdnSopZemmT9ohet8SMxZXQZFtSIjOTSBQOC+vMrqKIfZmSKTtxE8cNIIlscHSP7PCA==
