# THIS IS AN AUTOGENERATED FILE. DO NOT EDIT THIS FILE DIRECTLY.
# yarn lockfile v1


"@napi-rs/cli@2.13.3":
  version "2.13.3"
  resolved "https://registry.yarnpkg.com/@napi-rs/cli/-/cli-2.13.3.tgz#ac4de8c551f190a646d0e1bd86ffbfaac08adef3"
  integrity sha512-nAlbKuakQ+YHZE+M3Afih9UA1jr+gx63Gt4xHA+j2xD1NY6TjQ+QCgF9Yaj/YZIkCc2t3CZh52znFrfbU8b2bA==
