# THIS IS AN AUTOGENERATED FILE. DO NOT EDIT THIS FILE DIRECTLY.
# yarn lockfile v1


"@napi-rs/cli@2.10.3":
  version "2.10.3"
  resolved "https://registry.yarnpkg.com/@napi-rs/cli/-/cli-2.10.3.tgz#61012d6a78eb8e8aefccbd1933f07b9bc9641c72"
  integrity sha512-J/3zqDX1VLhzl9RNpthAcCSLPaute7J7ImaP926xjJXAcfZmUM6QjJBCrvdMa3aGEfQ3TqDwidUnLj71JHW8QQ==
